// !$*UTF8*$!
{
	archiveVersion = 1;
	classes = {
	};
	objectVersion = 56;
	objects = {

/* Begin PBXBuildFile section */
		2C7C4C8B289890F400860F05 /* AppDelegate.swift in Sources */ = {isa = PBXBuildFile; fileRef = 2C7C4C8A289890F400860F05 /* AppDelegate.swift */; };
		2C7C4C8D289890F400860F05 /* SceneDelegate.swift in Sources */ = {isa = PBXBuildFile; fileRef = 2C7C4C8C289890F400860F05 /* SceneDelegate.swift */; };
		2C7C4C8F289890F400860F05 /* SchoolListCollectionViewController.swift in Sources */ = {isa = PBXBuildFile; fileRef = 2C7C4C8E289890F400860F05 /* SchoolListCollectionViewController.swift */; };
		2C7C4C92289890F400860F05 /* Main.storyboard in Resources */ = {isa = PBXBuildFile; fileRef = 2C7C4C90289890F400860F05 /* Main.storyboard */; };
		2C7C4C94289890F600860F05 /* Assets.xcassets in Resources */ = {isa = PBXBuildFile; fileRef = 2C7C4C93289890F600860F05 /* Assets.xcassets */; };
		2C7C4C97289890F600860F05 /* LaunchScreen.storyboard in Resources */ = {isa = PBXBuildFile; fileRef = 2C7C4C95289890F600860F05 /* LaunchScreen.storyboard */; };
		2C7C4CA2289890F600860F05 /* NYCSchoolsTests.swift in Sources */ = {isa = PBXBuildFile; fileRef = 2C7C4CA1289890F600860F05 /* NYCSchoolsTests.swift */; };
		2C7C4CAC289890F600860F05 /* NYCSchoolsUITests.swift in Sources */ = {isa = PBXBuildFile; fileRef = 2C7C4CAB289890F600860F05 /* NYCSchoolsUITests.swift */; };
		2C7C4CAE289890F600860F05 /* NYCSchoolsUITestsLaunchTests.swift in Sources */ = {isa = PBXBuildFile; fileRef = 2C7C4CAD289890F600860F05 /* NYCSchoolsUITestsLaunchTests.swift */; };
		3856A8542CC6D38D00252CA6 /* SchoolsViewModel.swift in Sources */ = {isa = PBXBuildFile; fileRef = 3856A8532CC6D38D00252CA6 /* SchoolsViewModel.swift */; };
		3856A8562CC6E5E900252CA6 /* MockSchoolAPI.swift in Sources */ = {isa = PBXBuildFile; fileRef = 3856A8552CC6E5E900252CA6 /* MockSchoolAPI.swift */; };
		38D8039A2CC5003500DF9811 /* SchoolDirectory.swift in Sources */ = {isa = PBXBuildFile; fileRef = 38D803992CC5003500DF9811 /* SchoolDirectory.swift */; };
		38D8039C2CC5062C00DF9811 /* DataError.swift in Sources */ = {isa = PBXBuildFile; fileRef = 38D8039B2CC5062C00DF9811 /* DataError.swift */; };
		38DC814B2CCBCF0D003777A6 /* SchoolCollectionViewCell.swift in Sources */ = {isa = PBXBuildFile; fileRef = 38DC814A2CCBCF0D003777A6 /* SchoolCollectionViewCell.swift */; };
		38F04A262CC830810050AA22 /* StringsHelper.swift in Sources */ = {isa = PBXBuildFile; fileRef = 38F04A252CC830810050AA22 /* StringsHelper.swift */; };
		38F04A2A2CC833800050AA22 /* Localizable.strings in Resources */ = {isa = PBXBuildFile; fileRef = 38F04A282CC833800050AA22 /* Localizable.strings */; };
		38F04A2E2CC835210050AA22 /* School.swift in Sources */ = {isa = PBXBuildFile; fileRef = 38F04A2B2CC835210050AA22 /* School.swift */; };
		38F04A2F2CC835210050AA22 /* SchoolListLoadState.swift in Sources */ = {isa = PBXBuildFile; fileRef = 38F04A2C2CC835210050AA22 /* SchoolListLoadState.swift */; };
		7CCD202E13465AD4734C96D0 /* Pods_NYCSchools.framework in Frameworks */ = {isa = PBXBuildFile; fileRef = C81804BD2E2B203991EFB043 /* Pods_NYCSchools.framework */; };
		8BC27D014797DFF253D98B2E /* Pods_NYCSchools_NYCSchoolsUITests.framework in Frameworks */ = {isa = PBXBuildFile; fileRef = 309D7DC55C03C0EDC97944F5 /* Pods_NYCSchools_NYCSchoolsUITests.framework */; };
		C4E14729820FF3C8D5897EFE /* Pods_NYCSchoolsTests.framework in Frameworks */ = {isa = PBXBuildFile; fileRef = 781FD6C272636B793B34F23D /* Pods_NYCSchoolsTests.framework */; };
/* End PBXBuildFile section */

/* Begin PBXContainerItemProxy section */
		2C7C4C9E289890F600860F05 /* PBXContainerItemProxy */ = {
			isa = PBXContainerItemProxy;
			containerPortal = 2C7C4C7F289890F400860F05 /* Project object */;
			proxyType = 1;
			remoteGlobalIDString = 2C7C4C86289890F400860F05;
			remoteInfo = NYCSchools;
		};
		2C7C4CA8289890F600860F05 /* PBXContainerItemProxy */ = {
			isa = PBXContainerItemProxy;
			containerPortal = 2C7C4C7F289890F400860F05 /* Project object */;
			proxyType = 1;
			remoteGlobalIDString = 2C7C4C86289890F400860F05;
			remoteInfo = NYCSchools;
		};
/* End PBXContainerItemProxy section */

/* Begin PBXFileReference section */
		2BD29FA934322713674DCE1E /* Pods-NYCSchools-NYCSchoolsUITests.release.xcconfig */ = {isa = PBXFileReference; includeInIndex = 1; lastKnownFileType = text.xcconfig; name = "Pods-NYCSchools-NYCSchoolsUITests.release.xcconfig"; path = "Target Support Files/Pods-NYCSchools-NYCSchoolsUITests/Pods-NYCSchools-NYCSchoolsUITests.release.xcconfig"; sourceTree = "<group>"; };
		2C7C4C87289890F400860F05 /* NYCSchools.app */ = {isa = PBXFileReference; explicitFileType = wrapper.application; includeInIndex = 0; path = NYCSchools.app; sourceTree = BUILT_PRODUCTS_DIR; };
		2C7C4C8A289890F400860F05 /* AppDelegate.swift */ = {isa = PBXFileReference; lastKnownFileType = sourcecode.swift; path = AppDelegate.swift; sourceTree = "<group>"; };
		2C7C4C8C289890F400860F05 /* SceneDelegate.swift */ = {isa = PBXFileReference; lastKnownFileType = sourcecode.swift; path = SceneDelegate.swift; sourceTree = "<group>"; };
		2C7C4C8E289890F400860F05 /* SchoolListCollectionViewController.swift */ = {isa = PBXFileReference; lastKnownFileType = sourcecode.swift; path = SchoolListCollectionViewController.swift; sourceTree = "<group>"; };
		2C7C4C91289890F400860F05 /* Base */ = {isa = PBXFileReference; lastKnownFileType = file.storyboard; name = Base; path = Base.lproj/Main.storyboard; sourceTree = "<group>"; };
		2C7C4C93289890F600860F05 /* Assets.xcassets */ = {isa = PBXFileReference; lastKnownFileType = folder.assetcatalog; path = Assets.xcassets; sourceTree = "<group>"; };
		2C7C4C96289890F600860F05 /* Base */ = {isa = PBXFileReference; lastKnownFileType = file.storyboard; name = Base; path = Base.lproj/LaunchScreen.storyboard; sourceTree = "<group>"; };
		2C7C4C98289890F600860F05 /* Info.plist */ = {isa = PBXFileReference; lastKnownFileType = text.plist.xml; path = Info.plist; sourceTree = "<group>"; };
		2C7C4C9D289890F600860F05 /* NYCSchoolsTests.xctest */ = {isa = PBXFileReference; explicitFileType = wrapper.cfbundle; includeInIndex = 0; path = NYCSchoolsTests.xctest; sourceTree = BUILT_PRODUCTS_DIR; };
		2C7C4CA1289890F600860F05 /* NYCSchoolsTests.swift */ = {isa = PBXFileReference; lastKnownFileType = sourcecode.swift; path = NYCSchoolsTests.swift; sourceTree = "<group>"; };
		2C7C4CA7289890F600860F05 /* NYCSchoolsUITests.xctest */ = {isa = PBXFileReference; explicitFileType = wrapper.cfbundle; includeInIndex = 0; path = NYCSchoolsUITests.xctest; sourceTree = BUILT_PRODUCTS_DIR; };
		2C7C4CAB289890F600860F05 /* NYCSchoolsUITests.swift */ = {isa = PBXFileReference; lastKnownFileType = sourcecode.swift; path = NYCSchoolsUITests.swift; sourceTree = "<group>"; };
		2C7C4CAD289890F600860F05 /* NYCSchoolsUITestsLaunchTests.swift */ = {isa = PBXFileReference; lastKnownFileType = sourcecode.swift; path = NYCSchoolsUITestsLaunchTests.swift; sourceTree = "<group>"; };
		2CA1C52D692E385A36183B1A /* Pods-NYCSchoolsTests.release.xcconfig */ = {isa = PBXFileReference; includeInIndex = 1; lastKnownFileType = text.xcconfig; name = "Pods-NYCSchoolsTests.release.xcconfig"; path = "Target Support Files/Pods-NYCSchoolsTests/Pods-NYCSchoolsTests.release.xcconfig"; sourceTree = "<group>"; };
		309D7DC55C03C0EDC97944F5 /* Pods_NYCSchools_NYCSchoolsUITests.framework */ = {isa = PBXFileReference; explicitFileType = wrapper.framework; includeInIndex = 0; path = Pods_NYCSchools_NYCSchoolsUITests.framework; sourceTree = BUILT_PRODUCTS_DIR; };
		35C3A8DDBEED8B2D99697771 /* Pods-NYCSchools-NYCSchoolsUITests.debug.xcconfig */ = {isa = PBXFileReference; includeInIndex = 1; lastKnownFileType = text.xcconfig; name = "Pods-NYCSchools-NYCSchoolsUITests.debug.xcconfig"; path = "Target Support Files/Pods-NYCSchools-NYCSchoolsUITests/Pods-NYCSchools-NYCSchoolsUITests.debug.xcconfig"; sourceTree = "<group>"; };
		3856A8532CC6D38D00252CA6 /* SchoolsViewModel.swift */ = {isa = PBXFileReference; lastKnownFileType = sourcecode.swift; path = SchoolsViewModel.swift; sourceTree = "<group>"; };
		3856A8552CC6E5E900252CA6 /* MockSchoolAPI.swift */ = {isa = PBXFileReference; lastKnownFileType = sourcecode.swift; path = MockSchoolAPI.swift; sourceTree = "<group>"; };
		388B3C7254644E0397AD448D /* Pods-NYCSchools.release.xcconfig */ = {isa = PBXFileReference; includeInIndex = 1; lastKnownFileType = text.xcconfig; name = "Pods-NYCSchools.release.xcconfig"; path = "Target Support Files/Pods-NYCSchools/Pods-NYCSchools.release.xcconfig"; sourceTree = "<group>"; };
		38D803992CC5003500DF9811 /* SchoolDirectory.swift */ = {isa = PBXFileReference; lastKnownFileType = sourcecode.swift; path = SchoolDirectory.swift; sourceTree = "<group>"; };
		38D8039B2CC5062C00DF9811 /* DataError.swift */ = {isa = PBXFileReference; lastKnownFileType = sourcecode.swift; path = DataError.swift; sourceTree = "<group>"; };
		38DC814A2CCBCF0D003777A6 /* SchoolCollectionViewCell.swift */ = {isa = PBXFileReference; lastKnownFileType = sourcecode.swift; path = SchoolCollectionViewCell.swift; sourceTree = "<group>"; };
		38F04A252CC830810050AA22 /* StringsHelper.swift */ = {isa = PBXFileReference; lastKnownFileType = sourcecode.swift; path = StringsHelper.swift; sourceTree = "<group>"; };
		38F04A292CC833800050AA22 /* en */ = {isa = PBXFileReference; lastKnownFileType = text.plist.strings; name = en; path = en.lproj/Localizable.strings; sourceTree = "<group>"; };
		38F04A2B2CC835210050AA22 /* School.swift */ = {isa = PBXFileReference; lastKnownFileType = sourcecode.swift; path = School.swift; sourceTree = "<group>"; };
		38F04A2C2CC835210050AA22 /* SchoolListLoadState.swift */ = {isa = PBXFileReference; lastKnownFileType = sourcecode.swift; path = SchoolListLoadState.swift; sourceTree = "<group>"; };
		781FD6C272636B793B34F23D /* Pods_NYCSchoolsTests.framework */ = {isa = PBXFileReference; explicitFileType = wrapper.framework; includeInIndex = 0; path = Pods_NYCSchoolsTests.framework; sourceTree = BUILT_PRODUCTS_DIR; };
		A49D384D60D5274C7E838063 /* Pods-NYCSchools.debug.xcconfig */ = {isa = PBXFileReference; includeInIndex = 1; lastKnownFileType = text.xcconfig; name = "Pods-NYCSchools.debug.xcconfig"; path = "Target Support Files/Pods-NYCSchools/Pods-NYCSchools.debug.xcconfig"; sourceTree = "<group>"; };
		C81804BD2E2B203991EFB043 /* Pods_NYCSchools.framework */ = {isa = PBXFileReference; explicitFileType = wrapper.framework; includeInIndex = 0; path = Pods_NYCSchools.framework; sourceTree = BUILT_PRODUCTS_DIR; };
		DB20FCA52DE84EDA99F2B26E /* Pods-NYCSchoolsTests.debug.xcconfig */ = {isa = PBXFileReference; includeInIndex = 1; lastKnownFileType = text.xcconfig; name = "Pods-NYCSchoolsTests.debug.xcconfig"; path = "Target Support Files/Pods-NYCSchoolsTests/Pods-NYCSchoolsTests.debug.xcconfig"; sourceTree = "<group>"; };
/* End PBXFileReference section */

/* Begin PBXFrameworksBuildPhase section */
		2C7C4C84289890F400860F05 /* Frameworks */ = {
			isa = PBXFrameworksBuildPhase;
			buildActionMask = 2147483647;
			files = (
				7CCD202E13465AD4734C96D0 /* Pods_NYCSchools.framework in Frameworks */,
			);
			runOnlyForDeploymentPostprocessing = 0;
		};
		2C7C4C9A289890F600860F05 /* Frameworks */ = {
			isa = PBXFrameworksBuildPhase;
			buildActionMask = 2147483647;
			files = (
				C4E14729820FF3C8D5897EFE /* Pods_NYCSchoolsTests.framework in Frameworks */,
			);
			runOnlyForDeploymentPostprocessing = 0;
		};
		2C7C4CA4289890F600860F05 /* Frameworks */ = {
			isa = PBXFrameworksBuildPhase;
			buildActionMask = 2147483647;
			files = (
				8BC27D014797DFF253D98B2E /* Pods_NYCSchools_NYCSchoolsUITests.framework in Frameworks */,
			);
			runOnlyForDeploymentPostprocessing = 0;
		};
/* End PBXFrameworksBuildPhase section */

/* Begin PBXGroup section */
		2C7C4C7E289890F400860F05 = {
			isa = PBXGroup;
			children = (
				2C7C4C89289890F400860F05 /* NYCSchools */,
				2C7C4CA0289890F600860F05 /* NYCSchoolsTests */,
				2C7C4CAA289890F600860F05 /* NYCSchoolsUITests */,
				2C7C4C88289890F400860F05 /* Products */,
				8CF797467851D316F1B336A4 /* Pods */,
				DB5B4DF874709E8ADDEB65EE /* Frameworks */,
			);
			sourceTree = "<group>";
		};
		2C7C4C88289890F400860F05 /* Products */ = {
			isa = PBXGroup;
			children = (
				2C7C4C87289890F400860F05 /* NYCSchools.app */,
				2C7C4C9D289890F600860F05 /* NYCSchoolsTests.xctest */,
				2C7C4CA7289890F600860F05 /* NYCSchoolsUITests.xctest */,
			);
			name = Products;
			sourceTree = "<group>";
		};
		2C7C4C89289890F400860F05 /* NYCSchools */ = {
			isa = PBXGroup;
			children = (
				2C7C4CBA289DC00200860F05 /* App */,
				38F04A272CC831500050AA22 /* Supporting */,
				2C7C4C8A289890F400860F05 /* AppDelegate.swift */,
				2C7C4C8C289890F400860F05 /* SceneDelegate.swift */,
				2C7C4C93289890F600860F05 /* Assets.xcassets */,
				2C7C4C95289890F600860F05 /* LaunchScreen.storyboard */,
				2C7C4C98289890F600860F05 /* Info.plist */,
			);
			path = NYCSchools;
			sourceTree = "<group>";
		};
		2C7C4CA0289890F600860F05 /* NYCSchoolsTests */ = {
			isa = PBXGroup;
			children = (
				2C7C4CA1289890F600860F05 /* NYCSchoolsTests.swift */,
				3856A8552CC6E5E900252CA6 /* MockSchoolAPI.swift */,
			);
			path = NYCSchoolsTests;
			sourceTree = "<group>";
		};
		2C7C4CAA289890F600860F05 /* NYCSchoolsUITests */ = {
			isa = PBXGroup;
			children = (
				2C7C4CAB289890F600860F05 /* NYCSchoolsUITests.swift */,
				2C7C4CAD289890F600860F05 /* NYCSchoolsUITestsLaunchTests.swift */,
			);
			path = NYCSchoolsUITests;
			sourceTree = "<group>";
		};
		2C7C4CBA289DC00200860F05 /* App */ = {
			isa = PBXGroup;
			children = (
				2C7C4CBD289DC0A900860F05 /* UI Layer */,
				2C7C4CBC289DC02900860F05 /* Data Layer */,
				38F04A242CC830030050AA22 /* Utilities */,
			);
			path = App;
			sourceTree = "<group>";
		};
		2C7C4CBB289DC01C00860F05 /* Networking */ = {
			isa = PBXGroup;
			children = (
				38D803992CC5003500DF9811 /* SchoolDirectory.swift */,
				38D8039B2CC5062C00DF9811 /* DataError.swift */,
			);
			path = Networking;
			sourceTree = "<group>";
		};
		2C7C4CBC289DC02900860F05 /* Data Layer */ = {
			isa = PBXGroup;
			children = (
				38F04A2D2CC835210050AA22 /* Models */,
				2C7C4CBB289DC01C00860F05 /* Networking */,
			);
			path = "Data Layer";
			sourceTree = "<group>";
		};
		2C7C4CBD289DC0A900860F05 /* UI Layer */ = {
			isa = PBXGroup;
			children = (
				3856A8522CC6D33E00252CA6 /* View Models */,
				2C7C4CC0289DC0DD00860F05 /* Storyboards */,
				2C7C4CBF289DC0C400860F05 /* Views */,
				2C7C4CBE289DC0B500860F05 /* View Controllers */,
			);
			path = "UI Layer";
			sourceTree = "<group>";
		};
		2C7C4CBE289DC0B500860F05 /* View Controllers */ = {
			isa = PBXGroup;
			children = (
				2C7C4C8E289890F400860F05 /* SchoolListCollectionViewController.swift */,
			);
			path = "View Controllers";
			sourceTree = "<group>";
		};
		2C7C4CBF289DC0C400860F05 /* Views */ = {
			isa = PBXGroup;
			children = (
				38DC814A2CCBCF0D003777A6 /* SchoolCollectionViewCell.swift */,
			);
			path = Views;
			sourceTree = "<group>";
		};
		2C7C4CC0289DC0DD00860F05 /* Storyboards */ = {
			isa = PBXGroup;
			children = (
				2C7C4C90289890F400860F05 /* Main.storyboard */,
			);
			path = Storyboards;
			sourceTree = "<group>";
		};
		3856A8522CC6D33E00252CA6 /* View Models */ = {
			isa = PBXGroup;
			children = (
				3856A8532CC6D38D00252CA6 /* SchoolsViewModel.swift */,
			);
			path = "View Models";
			sourceTree = "<group>";
		};
		38F04A242CC830030050AA22 /* Utilities */ = {
			isa = PBXGroup;
			children = (
				38F04A252CC830810050AA22 /* StringsHelper.swift */,
			);
			path = Utilities;
			sourceTree = "<group>";
		};
		38F04A272CC831500050AA22 /* Supporting */ = {
			isa = PBXGroup;
			children = (
				38F04A282CC833800050AA22 /* Localizable.strings */,
			);
			path = Supporting;
			sourceTree = "<group>";
		};
		38F04A2D2CC835210050AA22 /* Models */ = {
			isa = PBXGroup;
			children = (
				38F04A2B2CC835210050AA22 /* School.swift */,
				38F04A2C2CC835210050AA22 /* SchoolListLoadState.swift */,
			);
			path = Models;
			sourceTree = "<group>";
		};
		8CF797467851D316F1B336A4 /* Pods */ = {
			isa = PBXGroup;
			children = (
				A49D384D60D5274C7E838063 /* Pods-NYCSchools.debug.xcconfig */,
				388B3C7254644E0397AD448D /* Pods-NYCSchools.release.xcconfig */,
				35C3A8DDBEED8B2D99697771 /* Pods-NYCSchools-NYCSchoolsUITests.debug.xcconfig */,
				2BD29FA934322713674DCE1E /* Pods-NYCSchools-NYCSchoolsUITests.release.xcconfig */,
				DB20FCA52DE84EDA99F2B26E /* Pods-NYCSchoolsTests.debug.xcconfig */,
				2CA1C52D692E385A36183B1A /* Pods-NYCSchoolsTests.release.xcconfig */,
			);
			path = Pods;
			sourceTree = "<group>";
		};
		DB5B4DF874709E8ADDEB65EE /* Frameworks */ = {
			isa = PBXGroup;
			children = (
				C81804BD2E2B203991EFB043 /* Pods_NYCSchools.framework */,
				309D7DC55C03C0EDC97944F5 /* Pods_NYCSchools_NYCSchoolsUITests.framework */,
				781FD6C272636B793B34F23D /* Pods_NYCSchoolsTests.framework */,
			);
			name = Frameworks;
			sourceTree = "<group>";
		};
/* End PBXGroup section */

/* Begin PBXNativeTarget section */
		2C7C4C86289890F400860F05 /* NYCSchools */ = {
			isa = PBXNativeTarget;
			buildConfigurationList = 2C7C4CB1289890F600860F05 /* Build configuration list for PBXNativeTarget "NYCSchools" */;
			buildPhases = (
				6F1ABBA31F7CCACC507D2CD9 /* [CP] Check Pods Manifest.lock */,
				2C7C4C83289890F400860F05 /* Sources */,
				2C7C4C84289890F400860F05 /* Frameworks */,
				2C7C4C85289890F400860F05 /* Resources */,
				EE523EDC5EA31AB87B14A30E /* [CP] Embed Pods Frameworks */,
			);
			buildRules = (
			);
			dependencies = (
			);
			name = NYCSchools;
			productName = NYCSchools;
			productReference = 2C7C4C87289890F400860F05 /* NYCSchools.app */;
			productType = "com.apple.product-type.application";
		};
		2C7C4C9C289890F600860F05 /* NYCSchoolsTests */ = {
			isa = PBXNativeTarget;
			buildConfigurationList = 2C7C4CB4289890F600860F05 /* Build configuration list for PBXNativeTarget "NYCSchoolsTests" */;
			buildPhases = (
				ACEAAB3C41E07B1D39897561 /* [CP] Check Pods Manifest.lock */,
				2C7C4C99289890F600860F05 /* Sources */,
				2C7C4C9A289890F600860F05 /* Frameworks */,
				2C7C4C9B289890F600860F05 /* Resources */,
			);
			buildRules = (
			);
			dependencies = (
				2C7C4C9F289890F600860F05 /* PBXTargetDependency */,
			);
			name = NYCSchoolsTests;
			productName = NYCSchoolsTests;
			productReference = 2C7C4C9D289890F600860F05 /* NYCSchoolsTests.xctest */;
			productType = "com.apple.product-type.bundle.unit-test";
		};
		2C7C4CA6289890F600860F05 /* NYCSchoolsUITests */ = {
			isa = PBXNativeTarget;
			buildConfigurationList = 2C7C4CB7289890F600860F05 /* Build configuration list for PBXNativeTarget "NYCSchoolsUITests" */;
			buildPhases = (
				919C1AEE7AB2CA11BB489F44 /* [CP] Check Pods Manifest.lock */,
				2C7C4CA3289890F600860F05 /* Sources */,
				2C7C4CA4289890F600860F05 /* Frameworks */,
				2C7C4CA5289890F600860F05 /* Resources */,
				E4FA7B81B921A20D70CDF9B0 /* [CP] Embed Pods Frameworks */,
			);
			buildRules = (
			);
			dependencies = (
				2C7C4CA9289890F600860F05 /* PBXTargetDependency */,
			);
			name = NYCSchoolsUITests;
			productName = NYCSchoolsUITests;
			productReference = 2C7C4CA7289890F600860F05 /* NYCSchoolsUITests.xctest */;
			productType = "com.apple.product-type.bundle.ui-testing";
		};
/* End PBXNativeTarget section */

/* Begin PBXProject section */
		2C7C4C7F289890F400860F05 /* Project object */ = {
			isa = PBXProject;
			attributes = {
				BuildIndependentTargetsInParallel = 1;
				LastSwiftUpdateCheck = 1400;
				LastUpgradeCheck = 1400;
				TargetAttributes = {
					2C7C4C86289890F400860F05 = {
						CreatedOnToolsVersion = 14.0;
					};
					2C7C4C9C289890F600860F05 = {
						CreatedOnToolsVersion = 14.0;
						TestTargetID = 2C7C4C86289890F400860F05;
					};
					2C7C4CA6289890F600860F05 = {
						CreatedOnToolsVersion = 14.0;
						TestTargetID = 2C7C4C86289890F400860F05;
					};
				};
			};
			buildConfigurationList = 2C7C4C82289890F400860F05 /* Build configuration list for PBXProject "NYCSchools" */;
			compatibilityVersion = "Xcode 14.0";
			developmentRegion = en;
			hasScannedForEncodings = 0;
			knownRegions = (
				en,
				Base,
			);
			mainGroup = 2C7C4C7E289890F400860F05;
			productRefGroup = 2C7C4C88289890F400860F05 /* Products */;
			projectDirPath = "";
			projectRoot = "";
			targets = (
				2C7C4C86289890F400860F05 /* NYCSchools */,
				2C7C4C9C289890F600860F05 /* NYCSchoolsTests */,
				2C7C4CA6289890F600860F05 /* NYCSchoolsUITests */,
			);
		};
/* End PBXProject section */

/* Begin PBXResourcesBuildPhase section */
		2C7C4C85289890F400860F05 /* Resources */ = {
			isa = PBXResourcesBuildPhase;
			buildActionMask = 2147483647;
			files = (
				2C7C4C97289890F600860F05 /* LaunchScreen.storyboard in Resources */,
				38F04A2A2CC833800050AA22 /* Localizable.strings in Resources */,
				2C7C4C94289890F600860F05 /* Assets.xcassets in Resources */,
				2C7C4C92289890F400860F05 /* Main.storyboard in Resources */,
			);
			runOnlyForDeploymentPostprocessing = 0;
		};
		2C7C4C9B289890F600860F05 /* Resources */ = {
			isa = PBXResourcesBuildPhase;
			buildActionMask = 2147483647;
			files = (
			);
			runOnlyForDeploymentPostprocessing = 0;
		};
		2C7C4CA5289890F600860F05 /* Resources */ = {
			isa = PBXResourcesBuildPhase;
			buildActionMask = 2147483647;
			files = (
			);
			runOnlyForDeploymentPostprocessing = 0;
		};
/* End PBXResourcesBuildPhase section */

/* Begin PBXShellScriptBuildPhase section */
		6F1ABBA31F7CCACC507D2CD9 /* [CP] Check Pods Manifest.lock */ = {
			isa = PBXShellScriptBuildPhase;
			buildActionMask = 2147483647;
			files = (
			);
			inputFileListPaths = (
			);
			inputPaths = (
				"${PODS_PODFILE_DIR_PATH}/Podfile.lock",
				"${PODS_ROOT}/Manifest.lock",
			);
			name = "[CP] Check Pods Manifest.lock";
			outputFileListPaths = (
			);
			outputPaths = (
				"$(DERIVED_FILE_DIR)/Pods-NYCSchools-checkManifestLockResult.txt",
			);
			runOnlyForDeploymentPostprocessing = 0;
			shellPath = /bin/sh;
			shellScript = "diff \"${PODS_PODFILE_DIR_PATH}/Podfile.lock\" \"${PODS_ROOT}/Manifest.lock\" > /dev/null\nif [ $? != 0 ] ; then\n    # print error to STDERR\n    echo \"error: The sandbox is not in sync with the Podfile.lock. Run 'pod install' or update your CocoaPods installation.\" >&2\n    exit 1\nfi\n# This output is used by Xcode 'outputs' to avoid re-running this script phase.\necho \"SUCCESS\" > \"${SCRIPT_OUTPUT_FILE_0}\"\n";
			showEnvVarsInLog = 0;
		};
		919C1AEE7AB2CA11BB489F44 /* [CP] Check Pods Manifest.lock */ = {
			isa = PBXShellScriptBuildPhase;
			buildActionMask = 2147483647;
			files = (
			);
			inputFileListPaths = (
			);
			inputPaths = (
				"${PODS_PODFILE_DIR_PATH}/Podfile.lock",
				"${PODS_ROOT}/Manifest.lock",
			);
			name = "[CP] Check Pods Manifest.lock";
			outputFileListPaths = (
			);
			outputPaths = (
				"$(DERIVED_FILE_DIR)/Pods-NYCSchools-NYCSchoolsUITests-checkManifestLockResult.txt",
			);
			runOnlyForDeploymentPostprocessing = 0;
			shellPath = /bin/sh;
			shellScript = "diff \"${PODS_PODFILE_DIR_PATH}/Podfile.lock\" \"${PODS_ROOT}/Manifest.lock\" > /dev/null\nif [ $? != 0 ] ; then\n    # print error to STDERR\n    echo \"error: The sandbox is not in sync with the Podfile.lock. Run 'pod install' or update your CocoaPods installation.\" >&2\n    exit 1\nfi\n# This output is used by Xcode 'outputs' to avoid re-running this script phase.\necho \"SUCCESS\" > \"${SCRIPT_OUTPUT_FILE_0}\"\n";
			showEnvVarsInLog = 0;
		};
		ACEAAB3C41E07B1D39897561 /* [CP] Check Pods Manifest.lock */ = {
			isa = PBXShellScriptBuildPhase;
			buildActionMask = 2147483647;
			files = (
			);
			inputFileListPaths = (
			);
			inputPaths = (
				"${PODS_PODFILE_DIR_PATH}/Podfile.lock",
				"${PODS_ROOT}/Manifest.lock",
			);
			name = "[CP] Check Pods Manifest.lock";
			outputFileListPaths = (
			);
			outputPaths = (
				"$(DERIVED_FILE_DIR)/Pods-NYCSchoolsTests-checkManifestLockResult.txt",
			);
			runOnlyForDeploymentPostprocessing = 0;
			shellPath = /bin/sh;
			shellScript = "diff \"${PODS_PODFILE_DIR_PATH}/Podfile.lock\" \"${PODS_ROOT}/Manifest.lock\" > /dev/null\nif [ $? != 0 ] ; then\n    # print error to STDERR\n    echo \"error: The sandbox is not in sync with the Podfile.lock. Run 'pod install' or update your CocoaPods installation.\" >&2\n    exit 1\nfi\n# This output is used by Xcode 'outputs' to avoid re-running this script phase.\necho \"SUCCESS\" > \"${SCRIPT_OUTPUT_FILE_0}\"\n";
			showEnvVarsInLog = 0;
		};
		E4FA7B81B921A20D70CDF9B0 /* [CP] Embed Pods Frameworks */ = {
			isa = PBXShellScriptBuildPhase;
			buildActionMask = 2147483647;
			files = (
			);
			inputFileListPaths = (
				"${PODS_ROOT}/Target Support Files/Pods-NYCSchools-NYCSchoolsUITests/Pods-NYCSchools-NYCSchoolsUITests-frameworks-${CONFIGURATION}-input-files.xcfilelist",
			);
			name = "[CP] Embed Pods Frameworks";
			outputFileListPaths = (
				"${PODS_ROOT}/Target Support Files/Pods-NYCSchools-NYCSchoolsUITests/Pods-NYCSchools-NYCSchoolsUITests-frameworks-${CONFIGURATION}-output-files.xcfilelist",
			);
			runOnlyForDeploymentPostprocessing = 0;
			shellPath = /bin/sh;
			shellScript = "\"${PODS_ROOT}/Target Support Files/Pods-NYCSchools-NYCSchoolsUITests/Pods-NYCSchools-NYCSchoolsUITests-frameworks.sh\"\n";
			showEnvVarsInLog = 0;
		};
		EE523EDC5EA31AB87B14A30E /* [CP] Embed Pods Frameworks */ = {
			isa = PBXShellScriptBuildPhase;
			buildActionMask = 2147483647;
			files = (
			);
			inputFileListPaths = (
				"${PODS_ROOT}/Target Support Files/Pods-NYCSchools/Pods-NYCSchools-frameworks-${CONFIGURATION}-input-files.xcfilelist",
			);
			name = "[CP] Embed Pods Frameworks";
			outputFileListPaths = (
				"${PODS_ROOT}/Target Support Files/Pods-NYCSchools/Pods-NYCSchools-frameworks-${CONFIGURATION}-output-files.xcfilelist",
			);
			runOnlyForDeploymentPostprocessing = 0;
			shellPath = /bin/sh;
			shellScript = "\"${PODS_ROOT}/Target Support Files/Pods-NYCSchools/Pods-NYCSchools-frameworks.sh\"\n";
			showEnvVarsInLog = 0;
		};
/* End PBXShellScriptBuildPhase section */

/* Begin PBXSourcesBuildPhase section */
		2C7C4C83289890F400860F05 /* Sources */ = {
			isa = PBXSourcesBuildPhase;
			buildActionMask = 2147483647;
			files = (
				38F04A2E2CC835210050AA22 /* School.swift in Sources */,
				38F04A2F2CC835210050AA22 /* SchoolListLoadState.swift in Sources */,
				38D8039C2CC5062C00DF9811 /* DataError.swift in Sources */,
				2C7C4C8F289890F400860F05 /* SchoolListCollectionViewController.swift in Sources */,
				3856A8542CC6D38D00252CA6 /* SchoolsViewModel.swift in Sources */,
				38F04A262CC830810050AA22 /* StringsHelper.swift in Sources */,
				38DC814B2CCBCF0D003777A6 /* SchoolCollectionViewCell.swift in Sources */,
				38D8039A2CC5003500DF9811 /* SchoolDirectory.swift in Sources */,
				2C7C4C8B289890F400860F05 /* AppDelegate.swift in Sources */,
				2C7C4C8D289890F400860F05 /* SceneDelegate.swift in Sources */,
			);
			runOnlyForDeploymentPostprocessing = 0;
		};
		2C7C4C99289890F600860F05 /* Sources */ = {
			isa = PBXSourcesBuildPhase;
			buildActionMask = 2147483647;
			files = (
				3856A8562CC6E5E900252CA6 /* MockSchoolAPI.swift in Sources */,
				2C7C4CA2289890F600860F05 /* NYCSchoolsTests.swift in Sources */,
			);
			runOnlyForDeploymentPostprocessing = 0;
		};
		2C7C4CA3289890F600860F05 /* Sources */ = {
			isa = PBXSourcesBuildPhase;
			buildActionMask = 2147483647;
			files = (
				2C7C4CAC289890F600860F05 /* NYCSchoolsUITests.swift in Sources */,
				2C7C4CAE289890F600860F05 /* NYCSchoolsUITestsLaunchTests.swift in Sources */,
			);
			runOnlyForDeploymentPostprocessing = 0;
		};
/* End PBXSourcesBuildPhase section */

/* Begin PBXTargetDependency section */
		2C7C4C9F289890F600860F05 /* PBXTargetDependency */ = {
			isa = PBXTargetDependency;
			target = 2C7C4C86289890F400860F05 /* NYCSchools */;
			targetProxy = 2C7C4C9E289890F600860F05 /* PBXContainerItemProxy */;
		};
		2C7C4CA9289890F600860F05 /* PBXTargetDependency */ = {
			isa = PBXTargetDependency;
			target = 2C7C4C86289890F400860F05 /* NYCSchools */;
			targetProxy = 2C7C4CA8289890F600860F05 /* PBXContainerItemProxy */;
		};
/* End PBXTargetDependency section */

/* Begin PBXVariantGroup section */
		2C7C4C90289890F400860F05 /* Main.storyboard */ = {
			isa = PBXVariantGroup;
			children = (
				2C7C4C91289890F400860F05 /* Base */,
			);
			name = Main.storyboard;
			sourceTree = "<group>";
		};
		2C7C4C95289890F600860F05 /* LaunchScreen.storyboard */ = {
			isa = PBXVariantGroup;
			children = (
				2C7C4C96289890F600860F05 /* Base */,
			);
			name = LaunchScreen.storyboard;
			sourceTree = "<group>";
		};
		38F04A282CC833800050AA22 /* Localizable.strings */ = {
			isa = PBXVariantGroup;
			children = (
				38F04A292CC833800050AA22 /* en */,
			);
			name = Localizable.strings;
			sourceTree = "<group>";
		};
/* End PBXVariantGroup section */

/* Begin XCBuildConfiguration section */
		2C7C4CAF289890F600860F05 /* Debug */ = {
			isa = XCBuildConfiguration;
			buildSettings = {
				ALWAYS_SEARCH_USER_PATHS = NO;
				CLANG_ANALYZER_NONNULL = YES;
				CLANG_ANALYZER_NUMBER_OBJECT_CONVERSION = YES_AGGRESSIVE;
				CLANG_CXX_LANGUAGE_STANDARD = "gnu++17";
				CLANG_ENABLE_MODULES = YES;
				CLANG_ENABLE_OBJC_ARC = YES;
				CLANG_ENABLE_OBJC_WEAK = YES;
				CLANG_WARN_BLOCK_CAPTURE_AUTORELEASING = YES;
				CLANG_WARN_BOOL_CONVERSION = YES;
				CLANG_WARN_COMMA = YES;
				CLANG_WARN_CONSTANT_CONVERSION = YES;
				CLANG_WARN_DEPRECATED_OBJC_IMPLEMENTATIONS = YES;
				CLANG_WARN_DIRECT_OBJC_ISA_USAGE = YES_ERROR;
				CLANG_WARN_DOCUMENTATION_COMMENTS = YES;
				CLANG_WARN_EMPTY_BODY = YES;
				CLANG_WARN_ENUM_CONVERSION = YES;
				CLANG_WARN_INFINITE_RECURSION = YES;
				CLANG_WARN_INT_CONVERSION = YES;
				CLANG_WARN_NON_LITERAL_NULL_CONVERSION = YES;
				CLANG_WARN_OBJC_IMPLICIT_RETAIN_SELF = YES;
				CLANG_WARN_OBJC_LITERAL_CONVERSION = YES;
				CLANG_WARN_OBJC_ROOT_CLASS = YES_ERROR;
				CLANG_WARN_QUOTED_INCLUDE_IN_FRAMEWORK_HEADER = YES;
				CLANG_WARN_RANGE_LOOP_ANALYSIS = YES;
				CLANG_WARN_STRICT_PROTOTYPES = YES;
				CLANG_WARN_SUSPICIOUS_MOVE = YES;
				CLANG_WARN_UNGUARDED_AVAILABILITY = YES_AGGRESSIVE;
				CLANG_WARN_UNREACHABLE_CODE = YES;
				CLANG_WARN__DUPLICATE_METHOD_MATCH = YES;
				COPY_PHASE_STRIP = NO;
				DEBUG_INFORMATION_FORMAT = dwarf;
				ENABLE_STRICT_OBJC_MSGSEND = YES;
				ENABLE_TESTABILITY = YES;
				GCC_C_LANGUAGE_STANDARD = gnu11;
				GCC_DYNAMIC_NO_PIC = NO;
				GCC_NO_COMMON_BLOCKS = YES;
				GCC_OPTIMIZATION_LEVEL = 0;
				GCC_PREPROCESSOR_DEFINITIONS = (
					"DEBUG=1",
					"$(inherited)",
				);
				GCC_WARN_64_TO_32_BIT_CONVERSION = YES;
				GCC_WARN_ABOUT_RETURN_TYPE = YES_ERROR;
				GCC_WARN_UNDECLARED_SELECTOR = YES;
				GCC_WARN_UNINITIALIZED_AUTOS = YES_AGGRESSIVE;
				GCC_WARN_UNUSED_FUNCTION = YES;
				GCC_WARN_UNUSED_VARIABLE = YES;
				IPHONEOS_DEPLOYMENT_TARGET = 16.0;
				MTL_ENABLE_DEBUG_INFO = INCLUDE_SOURCE;
				MTL_FAST_MATH = YES;
				ONLY_ACTIVE_ARCH = YES;
				SDKROOT = iphoneos;
				SWIFT_ACTIVE_COMPILATION_CONDITIONS = DEBUG;
				SWIFT_OPTIMIZATION_LEVEL = "-Onone";
			};
			name = Debug;
		};
		2C7C4CB0289890F600860F05 /* Release */ = {
			isa = XCBuildConfiguration;
			buildSettings = {
				ALWAYS_SEARCH_USER_PATHS = NO;
				CLANG_ANALYZER_NONNULL = YES;
				CLANG_ANALYZER_NUMBER_OBJECT_CONVERSION = YES_AGGRESSIVE;
				CLANG_CXX_LANGUAGE_STANDARD = "gnu++17";
				CLANG_ENABLE_MODULES = YES;
				CLANG_ENABLE_OBJC_ARC = YES;
				CLANG_ENABLE_OBJC_WEAK = YES;
				CLANG_WARN_BLOCK_CAPTURE_AUTORELEASING = YES;
				CLANG_WARN_BOOL_CONVERSION = YES;
				CLANG_WARN_COMMA = YES;
				CLANG_WARN_CONSTANT_CONVERSION = YES;
				CLANG_WARN_DEPRECATED_OBJC_IMPLEMENTATIONS = YES;
				CLANG_WARN_DIRECT_OBJC_ISA_USAGE = YES_ERROR;
				CLANG_WARN_DOCUMENTATION_COMMENTS = YES;
				CLANG_WARN_EMPTY_BODY = YES;
				CLANG_WARN_ENUM_CONVERSION = YES;
				CLANG_WARN_INFINITE_RECURSION = YES;
				CLANG_WARN_INT_CONVERSION = YES;
				CLANG_WARN_NON_LITERAL_NULL_CONVERSION = YES;
				CLANG_WARN_OBJC_IMPLICIT_RETAIN_SELF = YES;
				CLANG_WARN_OBJC_LITERAL_CONVERSION = YES;
				CLANG_WARN_OBJC_ROOT_CLASS = YES_ERROR;
				CLANG_WARN_QUOTED_INCLUDE_IN_FRAMEWORK_HEADER = YES;
				CLANG_WARN_RANGE_LOOP_ANALYSIS = YES;
				CLANG_WARN_STRICT_PROTOTYPES = YES;
				CLANG_WARN_SUSPICIOUS_MOVE = YES;
				CLANG_WARN_UNGUARDED_AVAILABILITY = YES_AGGRESSIVE;
				CLANG_WARN_UNREACHABLE_CODE = YES;
				CLANG_WARN__DUPLICATE_METHOD_MATCH = YES;
				COPY_PHASE_STRIP = NO;
				DEBUG_INFORMATION_FORMAT = "dwarf-with-dsym";
				ENABLE_NS_ASSERTIONS = NO;
				ENABLE_STRICT_OBJC_MSGSEND = YES;
				GCC_C_LANGUAGE_STANDARD = gnu11;
				GCC_NO_COMMON_BLOCKS = YES;
				GCC_WARN_64_TO_32_BIT_CONVERSION = YES;
				GCC_WARN_ABOUT_RETURN_TYPE = YES_ERROR;
				GCC_WARN_UNDECLARED_SELECTOR = YES;
				GCC_WARN_UNINITIALIZED_AUTOS = YES_AGGRESSIVE;
				GCC_WARN_UNUSED_FUNCTION = YES;
				GCC_WARN_UNUSED_VARIABLE = YES;
				IPHONEOS_DEPLOYMENT_TARGET = 16.0;
				MTL_ENABLE_DEBUG_INFO = NO;
				MTL_FAST_MATH = YES;
				SDKROOT = iphoneos;
				SWIFT_COMPILATION_MODE = wholemodule;
				SWIFT_OPTIMIZATION_LEVEL = "-O";
				VALIDATE_PRODUCT = YES;
			};
			name = Release;
		};
		2C7C4CB2289890F600860F05 /* Debug */ = {
			isa = XCBuildConfiguration;
			baseConfigurationReference = A49D384D60D5274C7E838063 /* Pods-NYCSchools.debug.xcconfig */;
			buildSettings = {
				ASSETCATALOG_COMPILER_APPICON_NAME = AppIcon;
				ASSETCATALOG_COMPILER_GLOBAL_ACCENT_COLOR_NAME = AccentColor;
				CODE_SIGN_STYLE = Automatic;
				CURRENT_PROJECT_VERSION = 1;
				DEVELOPMENT_TEAM = C9ZUG68NFG;
				GENERATE_INFOPLIST_FILE = YES;
				INFOPLIST_FILE = NYCSchools/Info.plist;
				INFOPLIST_KEY_UIApplicationSupportsIndirectInputEvents = YES;
				INFOPLIST_KEY_UILaunchStoryboardName = LaunchScreen;
				INFOPLIST_KEY_UIMainStoryboardFile = Main;
				INFOPLIST_KEY_UISupportedInterfaceOrientations_iPad = "UIInterfaceOrientationPortrait UIInterfaceOrientationPortraitUpsideDown UIInterfaceOrientationLandscapeLeft UIInterfaceOrientationLandscapeRight";
				INFOPLIST_KEY_UISupportedInterfaceOrientations_iPhone = "UIInterfaceOrientationPortrait UIInterfaceOrientationLandscapeLeft UIInterfaceOrientationLandscapeRight";
				IPHONEOS_DEPLOYMENT_TARGET = 16;
				LD_RUNPATH_SEARCH_PATHS = (
					"$(inherited)",
					"@executable_path/Frameworks",
				);
				MARKETING_VERSION = 1.0;
				PRODUCT_BUNDLE_IDENTIFIER = malith.NYCSchools;
				PRODUCT_NAME = "$(TARGET_NAME)";
				SWIFT_EMIT_LOC_STRINGS = YES;
				SWIFT_VERSION = 5.0;
				TARGETED_DEVICE_FAMILY = "1,2";
			};
			name = Debug;
		};
		2C7C4CB3289890F600860F05 /* Release */ = {
			isa = XCBuildConfiguration;
			baseConfigurationReference = 388B3C7254644E0397AD448D /* Pods-NYCSchools.release.xcconfig */;
			buildSettings = {
				ASSETCATALOG_COMPILER_APPICON_NAME = AppIcon;
				ASSETCATALOG_COMPILER_GLOBAL_ACCENT_COLOR_NAME = AccentColor;
				CODE_SIGN_STYLE = Automatic;
				CURRENT_PROJECT_VERSION = 1;
				DEVELOPMENT_TEAM = C9ZUG68NFG;
				GENERATE_INFOPLIST_FILE = YES;
				INFOPLIST_FILE = NYCSchools/Info.plist;
				INFOPLIST_KEY_UIApplicationSupportsIndirectInputEvents = YES;
				INFOPLIST_KEY_UILaunchStoryboardName = LaunchScreen;
				INFOPLIST_KEY_UIMainStoryboardFile = Main;
				INFOPLIST_KEY_UISupportedInterfaceOrientations_iPad = "UIInterfaceOrientationPortrait UIInterfaceOrientationPortraitUpsideDown UIInterfaceOrientationLandscapeLeft UIInterfaceOrientationLandscapeRight";
				INFOPLIST_KEY_UISupportedInterfaceOrientations_iPhone = "UIInterfaceOrientationPortrait UIInterfaceOrientationLandscapeLeft UIInterfaceOrientationLandscapeRight";
				IPHONEOS_DEPLOYMENT_TARGET = 16;
				LD_RUNPATH_SEARCH_PATHS = (
					"$(inherited)",
					"@executable_path/Frameworks",
				);
				MARKETING_VERSION = 1.0;
				PRODUCT_BUNDLE_IDENTIFIER = malith.NYCSchools;
				PRODUCT_NAME = "$(TARGET_NAME)";
				SWIFT_EMIT_LOC_STRINGS = YES;
				SWIFT_VERSION = 5.0;
				TARGETED_DEVICE_FAMILY = "1,2";
			};
			name = Release;
		};
		2C7C4CB5289890F600860F05 /* Debug */ = {
			isa = XCBuildConfiguration;
			baseConfigurationReference = DB20FCA52DE84EDA99F2B26E /* Pods-NYCSchoolsTests.debug.xcconfig */;
			buildSettings = {
				ALWAYS_EMBED_SWIFT_STANDARD_LIBRARIES = YES;
				BUNDLE_LOADER = "$(TEST_HOST)";
				CODE_SIGN_STYLE = Automatic;
				CURRENT_PROJECT_VERSION = 1;
				DEVELOPMENT_TEAM = C9ZUG68NFG;
				GENERATE_INFOPLIST_FILE = YES;
				IPHONEOS_DEPLOYMENT_TARGET = 16.0;
				MARKETING_VERSION = 1.0;
				PRODUCT_BUNDLE_IDENTIFIER = malith.NYCSchoolsTests;
				PRODUCT_NAME = "$(TARGET_NAME)";
				SWIFT_EMIT_LOC_STRINGS = NO;
				SWIFT_VERSION = 5.0;
				TARGETED_DEVICE_FAMILY = "1,2";
				TEST_HOST = "$(BUILT_PRODUCTS_DIR)/NYCSchools.app/$(BUNDLE_EXECUTABLE_FOLDER_PATH)/NYCSchools";
			};
			name = Debug;
		};
		2C7C4CB6289890F600860F05 /* Release */ = {
			isa = XCBuildConfiguration;
			baseConfigurationReference = 2CA1C52D692E385A36183B1A /* Pods-NYCSchoolsTests.release.xcconfig */;
			buildSettings = {
				ALWAYS_EMBED_SWIFT_STANDARD_LIBRARIES = YES;
				BUNDLE_LOADER = "$(TEST_HOST)";
				CODE_SIGN_STYLE = Automatic;
				CURRENT_PROJECT_VERSION = 1;
				DEVELOPMENT_TEAM = C9ZUG68NFG;
				GENERATE_INFOPLIST_FILE = YES;
				IPHONEOS_DEPLOYMENT_TARGET = 16.0;
				MARKETING_VERSION = 1.0;
				PRODUCT_BUNDLE_IDENTIFIER = malith.NYCSchoolsTests;
				PRODUCT_NAME = "$(TARGET_NAME)";
				SWIFT_EMIT_LOC_STRINGS = NO;
				SWIFT_VERSION = 5.0;
				TARGETED_DEVICE_FAMILY = "1,2";
				TEST_HOST = "$(BUILT_PRODUCTS_DIR)/NYCSchools.app/$(BUNDLE_EXECUTABLE_FOLDER_PATH)/NYCSchools";
			};
			name = Release;
		};
		2C7C4CB8289890F600860F05 /* Debug */ = {
			isa = XCBuildConfiguration;
			baseConfigurationReference = 35C3A8DDBEED8B2D99697771 /* Pods-NYCSchools-NYCSchoolsUITests.debug.xcconfig */;
			buildSettings = {
				ALWAYS_EMBED_SWIFT_STANDARD_LIBRARIES = YES;
				CODE_SIGN_IDENTITY = "Apple Development";
				CODE_SIGN_STYLE = Automatic;
				CURRENT_PROJECT_VERSION = 1;
				DEVELOPMENT_TEAM = C9ZUG68NFG;
				GENERATE_INFOPLIST_FILE = YES;
				MARKETING_VERSION = 1.0;
				PRODUCT_BUNDLE_IDENTIFIER = malith.NYCSchoolsUITests;
				PRODUCT_NAME = "$(TARGET_NAME)";
				PROVISIONING_PROFILE_SPECIFIER = "";
				SWIFT_EMIT_LOC_STRINGS = NO;
				SWIFT_VERSION = 5.0;
				TARGETED_DEVICE_FAMILY = "1,2";
				TEST_TARGET_NAME = NYCSchools;
			};
			name = Debug;
		};
		2C7C4CB9289890F600860F05 /* Release */ = {
			isa = XCBuildConfiguration;
			baseConfigurationReference = 2BD29FA934322713674DCE1E /* Pods-NYCSchools-NYCSchoolsUITests.release.xcconfig */;
			buildSettings = {
				ALWAYS_EMBED_SWIFT_STANDARD_LIBRARIES = YES;
				CODE_SIGN_IDENTITY = "Apple Development";
				CODE_SIGN_STYLE = Automatic;
				CURRENT_PROJECT_VERSION = 1;
				DEVELOPMENT_TEAM = C9ZUG68NFG;
				GENERATE_INFOPLIST_FILE = YES;
				MARKETING_VERSION = 1.0;
				PRODUCT_BUNDLE_IDENTIFIER = malith.NYCSchoolsUITests;
				PRODUCT_NAME = "$(TARGET_NAME)";
				PROVISIONING_PROFILE_SPECIFIER = "";
				SWIFT_EMIT_LOC_STRINGS = NO;
				SWIFT_VERSION = 5.0;
				TARGETED_DEVICE_FAMILY = "1,2";
				TEST_TARGET_NAME = NYCSchools;
			};
			name = Release;
		};
/* End XCBuildConfiguration section */

/* Begin XCConfigurationList section */
		2C7C4C82289890F400860F05 /* Build configuration list for PBXProject "NYCSchools" */ = {
			isa = XCConfigurationList;
			buildConfigurations = (
				2C7C4CAF289890F600860F05 /* Debug */,
				2C7C4CB0289890F600860F05 /* Release */,
			);
			defaultConfigurationIsVisible = 0;
			defaultConfigurationName = Release;
		};
		2C7C4CB1289890F600860F05 /* Build configuration list for PBXNativeTarget "NYCSchools" */ = {
			isa = XCConfigurationList;
			buildConfigurations = (
				2C7C4CB2289890F600860F05 /* Debug */,
				2C7C4CB3289890F600860F05 /* Release */,
			);
			defaultConfigurationIsVisible = 0;
			defaultConfigurationName = Release;
		};
		2C7C4CB4289890F600860F05 /* Build configuration list for PBXNativeTarget "NYCSchoolsTests" */ = {
			isa = XCConfigurationList;
			buildConfigurations = (
				2C7C4CB5289890F600860F05 /* Debug */,
				2C7C4CB6289890F600860F05 /* Release */,
			);
			defaultConfigurationIsVisible = 0;
			defaultConfigurationName = Release;
		};
		2C7C4CB7289890F600860F05 /* Build configuration list for PBXNativeTarget "NYCSchoolsUITests" */ = {
			isa = XCConfigurationList;
			buildConfigurations = (
				2C7C4CB8289890F600860F05 /* Debug */,
				2C7C4CB9289890F600860F05 /* Release */,
			);
			defaultConfigurationIsVisible = 0;
			defaultConfigurationName = Release;
		};
/* End XCConfigurationList section */
	};
	rootObject = 2C7C4C7F289890F400860F05 /* Project object */;
}
